
Microsoft Visual Studio Solution File, Format Version 12.00
# Visual Studio Version 17
VisualStudioVersion = 17.3.32804.467
MinimumVisualStudioVersion = 10.0.40219.1
Project("{FAE04EC0-301F-11D3-BF4B-00C04F79EFBC}") = "SpeedApp.UWP", "SpeedApp\SpeedApp.UWP\SpeedApp.UWP.csproj", "{4B569924-24D9-4902-AF0B-F6701B966BF0}"
EndProject
Project("{FAE04EC0-301F-11D3-BF4B-00C04F79EFBC}") = "SpeedApp.Android", "SpeedApp\SpeedApp.Android\SpeedApp.Android.csproj", "{B334D0D6-32F5-4CCB-9138-C20092128419}"
EndProject
Project("{FAE04EC0-301F-11D3-BF4B-00C04F79EFBC}") = "SpeedApp.iOS", "SpeedApp\SpeedApp.iOS\SpeedApp.iOS.csproj", "{2057CC08-F96F-4806-A9E5-7794F072BAEA}"
EndProject
Project("{FAE04EC0-301F-11D3-BF4B-00C04F79EFBC}") = "SpeedApp", "SpeedApp\SpeedApp\SpeedApp.csproj", "{E27ADCAC-5D3B-44E4-8487-6AAD93684B4C}"
EndProject
Global
	GlobalSection(SolutionConfigurationPlatforms) = preSolution
		Debug|Any CPU = Debug|Any CPU
		Debug|ARM = Debug|ARM
		Debug|iPhone = Debug|iPhone
		Debug|iPhoneSimulator = Debug|iPhoneSimulator
		Debug|x64 = Debug|x64
		Debug|x86 = Debug|x86
		Release|Any CPU = Release|Any CPU
		Release|ARM = Release|ARM
		Release|iPhone = Release|iPhone
		Release|iPhoneSimulator = Release|iPhoneSimulator
		Release|x64 = Release|x64
		Release|x86 = Release|x86
	EndGlobalSection
	GlobalSection(ProjectConfigurationPlatforms) = postSolution
		{4B569924-24D9-4902-AF0B-F6701B966BF0}.Debug|Any CPU.ActiveCfg = Debug|x64
		{4B569924-24D9-4902-AF0B-F6701B966BF0}.Debug|Any CPU.Build.0 = Debug|x64
		{4B569924-24D9-4902-AF0B-F6701B966BF0}.Debug|Any CPU.Deploy.0 = Debug|x64
		{4B569924-24D9-4902-AF0B-F6701B966BF0}.Debug|ARM.ActiveCfg = Debug|ARM
		{4B569924-24D9-4902-AF0B-F6701B966BF0}.Debug|ARM.Build.0 = Debug|ARM
		{4B569924-24D9-4902-AF0B-F6701B966BF0}.Debug|ARM.Deploy.0 = Debug|ARM
		{4B569924-24D9-4902-AF0B-F6701B966BF0}.Debug|iPhone.ActiveCfg = Debug|x64
		{4B569924-24D9-4902-AF0B-F6701B966BF0}.Debug|iPhone.Build.0 = Debug|x64
		{4B569924-24D9-4902-AF0B-F6701B966BF0}.Debug|iPhone.Deploy.0 = Debug|x64
		{4B569924-24D9-4902-AF0B-F6701B966BF0}.Debug|iPhoneSimulator.ActiveCfg = Debug|x64
		{4B569924-24D9-4902-AF0B-F6701B966BF0}.Debug|iPhoneSimulator.Build.0 = Debug|x64
		{4B569924-24D9-4902-AF0B-F6701B966BF0}.Debug|iPhoneSimulator.Deploy.0 = Debug|x64
		{4B569924-24D9-4902-AF0B-F6701B966BF0}.Debug|x64.ActiveCfg = Debug|x64
		{4B569924-24D9-4902-AF0B-F6701B966BF0}.Debug|x64.Build.0 = Debug|x64
		{4B569924-24D9-4902-AF0B-F6701B966BF0}.Debug|x64.Deploy.0 = Debug|x64
		{4B569924-24D9-4902-AF0B-F6701B966BF0}.Debug|x86.ActiveCfg = Debug|x86
		{4B569924-24D9-4902-AF0B-F6701B966BF0}.Debug|x86.Build.0 = Debug|x86
		{4B569924-24D9-4902-AF0B-F6701B966BF0}.Debug|x86.Deploy.0 = Debug|x86
		{4B569924-24D9-4902-AF0B-F6701B966BF0}.Release|Any CPU.ActiveCfg = Release|x64
		{4B569924-24D9-4902-AF0B-F6701B966BF0}.Release|Any CPU.Build.0 = Release|x64
		{4B569924-24D9-4902-AF0B-F6701B966BF0}.Release|Any CPU.Deploy.0 = Release|x64
		{4B569924-24D9-4902-AF0B-F6701B966BF0}.Release|ARM.ActiveCfg = Release|ARM
		{4B569924-24D9-4902-AF0B-F6701B966BF0}.Release|ARM.Build.0 = Release|ARM
		{4B569924-24D9-4902-AF0B-F6701B966BF0}.Release|ARM.Deploy.0 = Release|ARM
		{4B569924-24D9-4902-AF0B-F6701B966BF0}.Release|iPhone.ActiveCfg = Release|x64
		{4B569924-24D9-4902-AF0B-F6701B966BF0}.Release|iPhone.Build.0 = Release|x64
		{4B569924-24D9-4902-AF0B-F6701B966BF0}.Release|iPhone.Deploy.0 = Release|x64
		{4B569924-24D9-4902-AF0B-F6701B966BF0}.Release|iPhoneSimulator.ActiveCfg = Release|x64
		{4B569924-24D9-4902-AF0B-F6701B966BF0}.Release|iPhoneSimulator.Build.0 = Release|x64
		{4B569924-24D9-4902-AF0B-F6701B966BF0}.Release|iPhoneSimulator.Deploy.0 = Release|x64
		{4B569924-24D9-4902-AF0B-F6701B966BF0}.Release|x64.ActiveCfg = Release|x64
		{4B569924-24D9-4902-AF0B-F6701B966BF0}.Release|x64.Build.0 = Release|x64
		{4B569924-24D9-4902-AF0B-F6701B966BF0}.Release|x64.Deploy.0 = Release|x64
		{4B569924-24D9-4902-AF0B-F6701B966BF0}.Release|x86.ActiveCfg = Release|x86
		{4B569924-24D9-4902-AF0B-F6701B966BF0}.Release|x86.Build.0 = Release|x86
		{4B569924-24D9-4902-AF0B-F6701B966BF0}.Release|x86.Deploy.0 = Release|x86
		{B334D0D6-32F5-4CCB-9138-C20092128419}.Debug|Any CPU.ActiveCfg = Debug|Any CPU
		{B334D0D6-32F5-4CCB-9138-C20092128419}.Debug|Any CPU.Build.0 = Debug|Any CPU
		{B334D0D6-32F5-4CCB-9138-C20092128419}.Debug|Any CPU.Deploy.0 = Debug|Any CPU
		{B334D0D6-32F5-4CCB-9138-C20092128419}.Debug|ARM.ActiveCfg = Debug|Any CPU
		{B334D0D6-32F5-4CCB-9138-C20092128419}.Debug|ARM.Build.0 = Debug|Any CPU
		{B334D0D6-32F5-4CCB-9138-C20092128419}.Debug|ARM.Deploy.0 = Debug|Any CPU
		{B334D0D6-32F5-4CCB-9138-C20092128419}.Debug|iPhone.ActiveCfg = Debug|Any CPU
		{B334D0D6-32F5-4CCB-9138-C20092128419}.Debug|iPhone.Build.0 = Debug|Any CPU
		{B334D0D6-32F5-4CCB-9138-C20092128419}.Debug|iPhone.Deploy.0 = Debug|Any CPU
		{B334D0D6-32F5-4CCB-9138-C20092128419}.Debug|iPhoneSimulator.ActiveCfg = Debug|Any CPU
		{B334D0D6-32F5-4CCB-9138-C20092128419}.Debug|iPhoneSimulator.Build.0 = Debug|Any CPU
		{B334D0D6-32F5-4CCB-9138-C20092128419}.Debug|iPhoneSimulator.Deploy.0 = Debug|Any CPU
		{B334D0D6-32F5-4CCB-9138-C20092128419}.Debug|x64.ActiveCfg = Debug|Any CPU
		{B334D0D6-32F5-4CCB-9138-C20092128419}.Debug|x64.Build.0 = Debug|Any CPU
		{B334D0D6-32F5-4CCB-9138-C20092128419}.Debug|x64.Deploy.0 = Debug|Any CPU
		{B334D0D6-32F5-4CCB-9138-C20092128419}.Debug|x86.ActiveCfg = Debug|Any CPU
		{B334D0D6-32F5-4CCB-9138-C20092128419}.Debug|x86.Build.0 = Debug|Any CPU
		{B334D0D6-32F5-4CCB-9138-C20092128419}.Debug|x86.Deploy.0 = Debug|Any CPU
		{B334D0D6-32F5-4CCB-9138-C20092128419}.Release|Any CPU.ActiveCfg = Release|Any CPU
		{B334D0D6-32F5-4CCB-9138-C20092128419}.Release|Any CPU.Build.0 = Release|Any CPU
		{B334D0D6-32F5-4CCB-9138-C20092128419}.Release|Any CPU.Deploy.0 = Release|Any CPU
		{B334D0D6-32F5-4CCB-9138-C20092128419}.Release|ARM.ActiveCfg = Release|Any CPU
		{B334D0D6-32F5-4CCB-9138-C20092128419}.Release|ARM.Build.0 = Release|Any CPU
		{B334D0D6-32F5-4CCB-9138-C20092128419}.Release|ARM.Deploy.0 = Release|Any CPU
		{B334D0D6-32F5-4CCB-9138-C20092128419}.Release|iPhone.ActiveCfg = Release|Any CPU
		{B334D0D6-32F5-4CCB-9138-C20092128419}.Release|iPhone.Build.0 = Release|Any CPU
		{B334D0D6-32F5-4CCB-9138-C20092128419}.Release|iPhone.Deploy.0 = Release|Any CPU
		{B334D0D6-32F5-4CCB-9138-C20092128419}.Release|iPhoneSimulator.ActiveCfg = Release|Any CPU
		{B334D0D6-32F5-4CCB-9138-C20092128419}.Release|iPhoneSimulator.Build.0 = Release|Any CPU
		{B334D0D6-32F5-4CCB-9138-C20092128419}.Release|iPhoneSimulator.Deploy.0 = Release|Any CPU
		{B334D0D6-32F5-4CCB-9138-C20092128419}.Release|x64.ActiveCfg = Release|Any CPU
		{B334D0D6-32F5-4CCB-9138-C20092128419}.Release|x64.Build.0 = Release|Any CPU
		{B334D0D6-32F5-4CCB-9138-C20092128419}.Release|x64.Deploy.0 = Release|Any CPU
		{B334D0D6-32F5-4CCB-9138-C20092128419}.Release|x86.ActiveCfg = Release|Any CPU
		{B334D0D6-32F5-4CCB-9138-C20092128419}.Release|x86.Build.0 = Release|Any CPU
		{B334D0D6-32F5-4CCB-9138-C20092128419}.Release|x86.Deploy.0 = Release|Any CPU
		{2057CC08-F96F-4806-A9E5-7794F072BAEA}.Debug|Any CPU.ActiveCfg = Debug|iPhoneSimulator
		{2057CC08-F96F-4806-A9E5-7794F072BAEA}.Debug|Any CPU.Build.0 = Debug|iPhoneSimulator
		{2057CC08-F96F-4806-A9E5-7794F072BAEA}.Debug|Any CPU.Deploy.0 = Debug|iPhoneSimulator
		{2057CC08-F96F-4806-A9E5-7794F072BAEA}.Debug|ARM.ActiveCfg = Debug|iPhoneSimulator
		{2057CC08-F96F-4806-A9E5-7794F072BAEA}.Debug|ARM.Build.0 = Debug|iPhoneSimulator
		{2057CC08-F96F-4806-A9E5-7794F072BAEA}.Debug|ARM.Deploy.0 = Debug|iPhoneSimulator
		{2057CC08-F96F-4806-A9E5-7794F072BAEA}.Debug|iPhone.ActiveCfg = Debug|iPhone
		{2057CC08-F96F-4806-A9E5-7794F072BAEA}.Debug|iPhone.Build.0 = Debug|iPhone
		{2057CC08-F96F-4806-A9E5-7794F072BAEA}.Debug|iPhone.Deploy.0 = Debug|iPhone
		{2057CC08-F96F-4806-A9E5-7794F072BAEA}.Debug|iPhoneSimulator.ActiveCfg = Debug|iPhoneSimulator
		{2057CC08-F96F-4806-A9E5-7794F072BAEA}.Debug|iPhoneSimulator.Build.0 = Debug|iPhoneSimulator
		{2057CC08-F96F-4806-A9E5-7794F072BAEA}.Debug|iPhoneSimulator.Deploy.0 = Debug|iPhoneSimulator
		{2057CC08-F96F-4806-A9E5-7794F072BAEA}.Debug|x64.ActiveCfg = Debug|iPhone
		{2057CC08-F96F-4806-A9E5-7794F072BAEA}.Debug|x64.Build.0 = Debug|iPhone
		{2057CC08-F96F-4806-A9E5-7794F072BAEA}.Debug|x64.Deploy.0 = Debug|iPhone
		{2057CC08-F96F-4806-A9E5-7794F072BAEA}.Debug|x86.ActiveCfg = Debug|iPhoneSimulator
		{2057CC08-F96F-4806-A9E5-7794F072BAEA}.Debug|x86.Build.0 = Debug|iPhoneSimulator
		{2057CC08-F96F-4806-A9E5-7794F072BAEA}.Debug|x86.Deploy.0 = Debug|iPhoneSimulator
		{2057CC08-F96F-4806-A9E5-7794F072BAEA}.Release|Any CPU.ActiveCfg = Release|iPhoneSimulator
		{2057CC08-F96F-4806-A9E5-7794F072BAEA}.Release|Any CPU.Build.0 = Release|iPhoneSimulator
		{2057CC08-F96F-4806-A9E5-7794F072BAEA}.Release|Any CPU.Deploy.0 = Release|iPhoneSimulator
		{2057CC08-F96F-4806-A9E5-7794F072BAEA}.Release|ARM.ActiveCfg = Release|iPhoneSimulator
		{2057CC08-F96F-4806-A9E5-7794F072BAEA}.Release|ARM.Build.0 = Release|iPhoneSimulator
		{2057CC08-F96F-4806-A9E5-7794F072BAEA}.Release|ARM.Deploy.0 = Release|iPhoneSimulator
		{2057CC08-F96F-4806-A9E5-7794F072BAEA}.Release|iPhone.ActiveCfg = Release|iPhone
		{2057CC08-F96F-4806-A9E5-7794F072BAEA}.Release|iPhone.Build.0 = Release|iPhone
		{2057CC08-F96F-4806-A9E5-7794F072BAEA}.Release|iPhone.Deploy.0 = Release|iPhone
		{2057CC08-F96F-4806-A9E5-7794F072BAEA}.Release|iPhoneSimulator.ActiveCfg = Release|iPhoneSimulator
		{2057CC08-F96F-4806-A9E5-7794F072BAEA}.Release|iPhoneSimulator.Build.0 = Release|iPhoneSimulator
		{2057CC08-F96F-4806-A9E5-7794F072BAEA}.Release|iPhoneSimulator.Deploy.0 = Release|iPhoneSimulator
		{2057CC08-F96F-4806-A9E5-7794F072BAEA}.Release|x64.ActiveCfg = Release|iPhoneSimulator
		{2057CC08-F96F-4806-A9E5-7794F072BAEA}.Release|x64.Build.0 = Release|iPhoneSimulator
		{2057CC08-F96F-4806-A9E5-7794F072BAEA}.Release|x64.Deploy.0 = Release|iPhoneSimulator
		{2057CC08-F96F-4806-A9E5-7794F072BAEA}.Release|x86.ActiveCfg = Release|iPhoneSimulator
		{2057CC08-F96F-4806-A9E5-7794F072BAEA}.Release|x86.Build.0 = Release|iPhoneSimulator
		{2057CC08-F96F-4806-A9E5-7794F072BAEA}.Release|x86.Deploy.0 = Release|iPhoneSimulator
		{E27ADCAC-5D3B-44E4-8487-6AAD93684B4C}.Debug|Any CPU.ActiveCfg = Debug|Any CPU
		{E27ADCAC-5D3B-44E4-8487-6AAD93684B4C}.Debug|Any CPU.Build.0 = Debug|Any CPU
		{E27ADCAC-5D3B-44E4-8487-6AAD93684B4C}.Debug|Any CPU.Deploy.0 = Debug|Any CPU
		{E27ADCAC-5D3B-44E4-8487-6AAD93684B4C}.Debug|ARM.ActiveCfg = Debug|Any CPU
		{E27ADCAC-5D3B-44E4-8487-6AAD93684B4C}.Debug|ARM.Build.0 = Debug|Any CPU
		{E27ADCAC-5D3B-44E4-8487-6AAD93684B4C}.Debug|ARM.Deploy.0 = Debug|Any CPU
		{E27ADCAC-5D3B-44E4-8487-6AAD93684B4C}.Debug|iPhone.ActiveCfg = Debug|Any CPU
		{E27ADCAC-5D3B-44E4-8487-6AAD93684B4C}.Debug|iPhone.Build.0 = Debug|Any CPU
		{E27ADCAC-5D3B-44E4-8487-6AAD93684B4C}.Debug|iPhone.Deploy.0 = Debug|Any CPU
		{E27ADCAC-5D3B-44E4-8487-6AAD93684B4C}.Debug|iPhoneSimulator.ActiveCfg = Debug|Any CPU
		{E27ADCAC-5D3B-44E4-8487-6AAD93684B4C}.Debug|iPhoneSimulator.Build.0 = Debug|Any CPU
		{E27ADCAC-5D3B-44E4-8487-6AAD93684B4C}.Debug|iPhoneSimulator.Deploy.0 = Debug|Any CPU
		{E27ADCAC-5D3B-44E4-8487-6AAD93684B4C}.Debug|x64.ActiveCfg = Debug|Any CPU
		{E27ADCAC-5D3B-44E4-8487-6AAD93684B4C}.Debug|x64.Build.0 = Debug|Any CPU
		{E27ADCAC-5D3B-44E4-8487-6AAD93684B4C}.Debug|x64.Deploy.0 = Debug|Any CPU
		{E27ADCAC-5D3B-44E4-8487-6AAD93684B4C}.Debug|x86.ActiveCfg = Debug|Any CPU
		{E27ADCAC-5D3B-44E4-8487-6AAD93684B4C}.Debug|x86.Build.0 = Debug|Any CPU
		{E27ADCAC-5D3B-44E4-8487-6AAD93684B4C}.Debug|x86.Deploy.0 = Debug|Any CPU
		{E27ADCAC-5D3B-44E4-8487-6AAD93684B4C}.Release|Any CPU.ActiveCfg = Release|Any CPU
		{E27ADCAC-5D3B-44E4-8487-6AAD93684B4C}.Release|Any CPU.Build.0 = Release|Any CPU
		{E27ADCAC-5D3B-44E4-8487-6AAD93684B4C}.Release|Any CPU.Deploy.0 = Release|Any CPU
		{E27ADCAC-5D3B-44E4-8487-6AAD93684B4C}.Release|ARM.ActiveCfg = Release|Any CPU
		{E27ADCAC-5D3B-44E4-8487-6AAD93684B4C}.Release|ARM.Build.0 = Release|Any CPU
		{E27ADCAC-5D3B-44E4-8487-6AAD93684B4C}.Release|ARM.Deploy.0 = Release|Any CPU
		{E27ADCAC-5D3B-44E4-8487-6AAD93684B4C}.Release|iPhone.ActiveCfg = Release|Any CPU
		{E27ADCAC-5D3B-44E4-8487-6AAD93684B4C}.Release|iPhone.Build.0 = Release|Any CPU
		{E27ADCAC-5D3B-44E4-8487-6AAD93684B4C}.Release|iPhone.Deploy.0 = Release|Any CPU
		{E27ADCAC-5D3B-44E4-8487-6AAD93684B4C}.Release|iPhoneSimulator.ActiveCfg = Release|Any CPU
		{E27ADCAC-5D3B-44E4-8487-6AAD93684B4C}.Release|iPhoneSimulator.Build.0 = Release|Any CPU
		{E27ADCAC-5D3B-44E4-8487-6AAD93684B4C}.Release|iPhoneSimulator.Deploy.0 = Release|Any CPU
		{E27ADCAC-5D3B-44E4-8487-6AAD93684B4C}.Release|x64.ActiveCfg = Release|Any CPU
		{E27ADCAC-5D3B-44E4-8487-6AAD93684B4C}.Release|x64.Build.0 = Release|Any CPU
		{E27ADCAC-5D3B-44E4-8487-6AAD93684B4C}.Release|x64.Deploy.0 = Release|Any CPU
		{E27ADCAC-5D3B-44E4-8487-6AAD93684B4C}.Release|x86.ActiveCfg = Release|Any CPU
		{E27ADCAC-5D3B-44E4-8487-6AAD93684B4C}.Release|x86.Build.0 = Release|Any CPU
		{E27ADCAC-5D3B-44E4-8487-6AAD93684B4C}.Release|x86.Deploy.0 = Release|Any CPU
	EndGlobalSection
	GlobalSection(SolutionProperties) = preSolution
		HideSolutionNode = FALSE
	EndGlobalSection
	GlobalSection(ExtensibilityGlobals) = postSolution
		SolutionGuid = {0C566B40-4AC4-4971-82FA-76E82A20E982}
	EndGlobalSection
EndGlobal
